
Microsoft Visual Studio Solution File, Format Version 12.00
# Visual Studio Version 17
VisualStudioVersion = 17.13.35931.197 d17.13
MinimumVisualStudioVersion = 10.0.40219.1
Project("{FAE04EC0-301F-11D3-BF4B-00C04F79EFBC}") = "GraphQLDemoConsoleApp", "GraphQLDemoConsoleApp.csproj", "{BD42D45E-9C88-44C3-E527-A1F7F2EA3EEF}"
EndProject
Global
	GlobalSection(SolutionConfigurationPlatforms) = preSolution
		Debug|Any CPU = Debug|Any CPU
		Release|Any CPU = Release|Any CPU
	EndGlobalSection
	GlobalSection(ProjectConfigurationPlatforms) = postSolution
		{BD42D45E-9C88-44C3-E527-A1F7F2EA3EEF}.Debug|Any CPU.ActiveCfg = Debug|Any CPU
		{BD42D45E-9C88-44C3-E527-A1F7F2EA3EEF}.Debug|Any CPU.Build.0 = Debug|Any CPU
		{BD42D45E-9C88-44C3-E527-A1F7F2EA3EEF}.Release|Any CPU.ActiveCfg = Release|Any CPU
		{BD42D45E-9C88-44C3-E527-A1F7F2EA3EEF}.Release|Any CPU.Build.0 = Release|Any CPU
	EndGlobalSection
	GlobalSection(SolutionProperties) = preSolution
		HideSolutionNode = FALSE
	EndGlobalSection
	GlobalSection(ExtensibilityGlobals) = postSolution
		SolutionGuid = {AEACBEE0-1846-421E-81E4-D74D87B220AC}
	EndGlobalSection
EndGlobal
